
Microsoft Visual Studio Solution File, Format Version 12.00
# Visual Studio Version 17
VisualStudioVersion = 17.5.001.0
MinimumVisualStudioVersion = 10.0.40219.1
Project("{9A19103F-16F7-4668-BE54-9A1E7A4F7556}") = "tic-tac-toe-csharp", "tic-tac-toe-csharp.csproj", "{7CDFE39F-C982-461C-9E8E-F9CEC71656D0}"
EndProject
Global
	GlobalSection(SolutionConfigurationPlatforms) = preSolution
		Debug|Any CPU = Debug|Any CPU
		Release|Any CPU = Release|Any CPU
	EndGlobalSection
	GlobalSection(ProjectConfigurationPlatforms) = postSolution
		{7CDFE39F-C982-461C-9E8E-F9CEC71656D0}.Debug|Any CPU.ActiveCfg = Debug|Any CPU
		{7CDFE39F-C982-461C-9E8E-F9CEC71656D0}.Debug|Any CPU.Build.0 = Debug|Any CPU
		{7CDFE39F-C982-461C-9E8E-F9CEC71656D0}.Release|Any CPU.ActiveCfg = Release|Any CPU
		{7CDFE39F-C982-461C-9E8E-F9CEC71656D0}.Release|Any CPU.Build.0 = Release|Any CPU
	EndGlobalSection
	GlobalSection(SolutionProperties) = preSolution
		HideSolutionNode = FALSE
	EndGlobalSection
	GlobalSection(ExtensibilityGlobals) = postSolution
		SolutionGuid = {82D6F3E3-8DEF-4E50-BE04-9658AFDEDD24}
	EndGlobalSection
EndGlobal
